{
  "nodes": {
    "home-manager": {
      "inputs": {
        "nixpkgs": [
          "nixpkgs"
        ]
      },
      "locked": {
        "lastModified": 1789695075,
        "narHash": "sha256-HREFWgmCTp28ZdMkSFOW2QW8uI17v5CNc04W46h6aPo=",
        "owner": "nix-community",
        "repo": "home-manager",
        "rev": "4ac5a2ae9025eab1ebece4f9df8c315fd84a738a",
        "type": "github"
      },
      "original": {
        "owner": "nix-community",
        "repo": "home-manager",
        "type": "github"
      }
    },
    "nixpkgs": {
      "locked": {
        "lastModified": 1789546076,
        "narHash": "sha256-zVxLZiSnmaaPLwnhj7pwmqe3axBg/C6nG5JZsJMh2g4=",
        "owner": "nixos",
        "repo": "nixpkgs",
        "rev": "b1b875982b17dabde9b4a37f3e229e74913e6db3",
        "type": "github"
      },
      "original": {
        "owner": "nixos",
        "ref": "nixos-unstable",
        "repo": "nixpkgs",
        "type": "github"
      }
    },
    "obsidian-extensions": {
      "inputs": {
        "nixpkgs": [
          "nixpkgs"
        ],
        "treefmt-nix": "treefmt-nix"
      },
      "locked": {
        "lastModified": 1789638701,
        "narHash": "sha256-JBhH5ODqOSFo+5fLqiEZ4faxebj+Jmpf/8Ji9JBS7PY=",
        "owner": "karaolidis",
        "repo": "nix-obsidian-extensions",
        "rev": "c2e5913ea3059f0bc024fe4f5a6391eb7ea9b171",
        "type": "github"
      },
      "original": {
        "owner": "karaolidis",
        "repo": "nix-obsidian-extensions",
        "type": "github"
      }
    },
    "openlinkhub-flake": {
      "inputs": {
        "nixpkgs": [
          "nixpkgs"
        ]
      },
      "locked": {
        "lastModified": 1789473987,
        "narHash": "sha256-KPjNebqtpKlAMs5aHZe3KN92rrA8DQ1o8Zp0DPpI6LQ=",
        "owner": "skelettor",
        "repo": "nix-openlinkhub",
        "rev": "53cd8af60e67e0d9ac294a1994ba0a84d9d4e912",
        "type": "github"
      },
      "original": {
        "owner": "skelettor",
        "repo": "nix-openlinkhub",
        "type": "github"
      }
    },
    "root": {
      "inputs": {
        "home-manager": "home-manager",
        "nixpkgs": "nixpkgs",
        "obsidian-extensions": "obsidian-extensions",
        "openlinkhub-flake": "openlinkhub-flake"
      }
    },
    "treefmt-nix": {
      "inputs": {
        "nixpkgs": [
          "obsidian-extensions",
          "nixpkgs"
        ]
      },
      "locked": {
        "lastModified": 1785360170,
        "narHash": "sha256-XE1lKgQ3eIO3E7zWryqcRsax+mYXod/5RHBn4YaR9YE=",
        "owner": "numtide",
        "repo": "treefmt-nix",
        "rev": "d1187f8bc71fb8aab02395869ec3f5c1920f75c0",
        "type": "github"
      },
      "original": {
        "owner": "numtide",
        "repo": "treefmt-nix",
        "type": "github"
      }
    }
  },
  "root": "root",
  "version": 7
}
