{
  "nodes": {
    "home-manager": {
      "inputs": {
        "nixpkgs": [
          "nixpkgs"
        ]
      },
      "locked": {
        "lastModified": 1788921139,
        "narHash": "sha256-2wRuvf9UDw1SYWtBcxNmxLeAtNU1i/hc1c0AKQHdvlM=",
        "owner": "nix-community",
        "repo": "home-manager",
        "rev": "a2dbe7c2c9333e8234ae8114c7f731784201d108",
        "type": "github"
      },
      "original": {
        "owner": "nix-community",
        "repo": "home-manager",
        "type": "github"
      }
    },
    "nixpkgs": {
      "locked": {
        "lastModified": 1788881743,
        "narHash": "sha256-2V9GZGvPfrNzxFozhI9dcqV+c3QdA8YZrvAAzqEB+dI=",
        "owner": "nixos",
        "repo": "nixpkgs",
        "rev": "d6524aaca2ff07876657ae2b323f24be4874944b",
        "type": "github"
      },
      "original": {
        "owner": "nixos",
        "ref": "nixos-unstable",
        "repo": "nixpkgs",
        "type": "github"
      }
    },
    "obsidian-extensions": {
      "inputs": {
        "nixpkgs": [
          "nixpkgs"
        ],
        "treefmt-nix": "treefmt-nix"
      },
      "locked": {
        "lastModified": 1788858916,
        "narHash": "sha256-0ZrAEE061KKjyRh+PjPz0Rv/b49uIUna+cLTRLj0lcU=",
        "owner": "karaolidis",
        "repo": "nix-obsidian-extensions",
        "rev": "1d48c61210bb680cae0229355aff0ff93d9422e3",
        "type": "github"
      },
      "original": {
        "owner": "karaolidis",
        "repo": "nix-obsidian-extensions",
        "type": "github"
      }
    },
    "openlinkhub-flake": {
      "inputs": {
        "nixpkgs": [
          "nixpkgs"
        ]
      },
      "locked": {
        "lastModified": 1787152402,
        "narHash": "sha256-TT7XmbiBfCeFzd4Xu83dFfKE/8D2bueLLnNbs/KcyZU=",
        "owner": "skelettor",
        "repo": "nix-openlinkhub",
        "rev": "d58e69573ee4e0de2a453436c81604e2adebf812",
        "type": "github"
      },
      "original": {
        "owner": "skelettor",
        "repo": "nix-openlinkhub",
        "type": "github"
      }
    },
    "root": {
      "inputs": {
        "home-manager": "home-manager",
        "nixpkgs": "nixpkgs",
        "obsidian-extensions": "obsidian-extensions",
        "openlinkhub-flake": "openlinkhub-flake"
      }
    },
    "treefmt-nix": {
      "inputs": {
        "nixpkgs": [
          "obsidian-extensions",
          "nixpkgs"
        ]
      },
      "locked": {
        "lastModified": 1785360170,
        "narHash": "sha256-XE1lKgQ3eIO3E7zWryqcRsax+mYXod/5RHBn4YaR9YE=",
        "owner": "numtide",
        "repo": "treefmt-nix",
        "rev": "d1187f8bc71fb8aab02395869ec3f5c1920f75c0",
        "type": "github"
      },
      "original": {
        "owner": "numtide",
        "repo": "treefmt-nix",
        "type": "github"
      }
    }
  },
  "root": "root",
  "version": 7
}
